// !$*UTF8*$!
{
	archiveVersion = 1;
	classes = {
	};
	objectVersion = 56;
	objects = {

/* Begin PBXBuildFile section */
		FCA63E0D299ABE4D00A294F5 /* SwiftUIAndCloudKitApp.swift in Sources */ = {isa = PBXBuildFile; fileRef = FCA63E0C299ABE4D00A294F5 /* SwiftUIAndCloudKitApp.swift */; };
		FCA63E0F299ABE4D00A294F5 /* ContentView.swift in Sources */ = {isa = PBXBuildFile; fileRef = FCA63E0E299ABE4D00A294F5 /* ContentView.swift */; };
		FCA63E11299ABE4F00A294F5 /* Assets.xcassets in Resources */ = {isa = PBXBuildFile; fileRef = FCA63E10299ABE4F00A294F5 /* Assets.xcassets */; };
		FCA63E14299ABE4F00A294F5 /* Preview Assets.xcassets in Resources */ = {isa = PBXBuildFile; fileRef = FCA63E13299ABE4F00A294F5 /* Preview Assets.xcassets */; };
		FCA63E20299B24FF00A294F5 /* SignInWithAppleButtonView.swift in Sources */ = {isa = PBXBuildFile; fileRef = FCA63E1F299B24FF00A294F5 /* SignInWithAppleButtonView.swift */; };
		FCA63E22299BB5A600A294F5 /* ProfileView.swift in Sources */ = {isa = PBXBuildFile; fileRef = FCA63E21299BB5A600A294F5 /* ProfileView.swift */; };
		FCA63E24299BC0D100A294F5 /* ListView.swift in Sources */ = {isa = PBXBuildFile; fileRef = FCA63E23299BC0D100A294F5 /* ListView.swift */; };
		FCA63E26299BCAEA00A294F5 /* CloudKitQuerys.swift in Sources */ = {isa = PBXBuildFile; fileRef = FCA63E25299BCAEA00A294F5 /* CloudKitQuerys.swift */; };
		FCA63E28299BD40500A294F5 /* UserModel.swift in Sources */ = {isa = PBXBuildFile; fileRef = FCA63E27299BD40400A294F5 /* UserModel.swift */; };
/* End PBXBuildFile section */

/* Begin PBXFileReference section */
		FCA63E09299ABE4D00A294F5 /* SwiftUIAndCloudKit.app */ = {isa = PBXFileReference; explicitFileType = wrapper.application; includeInIndex = 0; path = SwiftUIAndCloudKit.app; sourceTree = BUILT_PRODUCTS_DIR; };
		FCA63E0C299ABE4D00A294F5 /* SwiftUIAndCloudKitApp.swift */ = {isa = PBXFileReference; lastKnownFileType = sourcecode.swift; path = SwiftUIAndCloudKitApp.swift; sourceTree = "<group>"; };
		FCA63E0E299ABE4D00A294F5 /* ContentView.swift */ = {isa = PBXFileReference; lastKnownFileType = sourcecode.swift; path = ContentView.swift; sourceTree = "<group>"; };
		FCA63E10299ABE4F00A294F5 /* Assets.xcassets */ = {isa = PBXFileReference; lastKnownFileType = folder.assetcatalog; path = Assets.xcassets; sourceTree = "<group>"; };
		FCA63E13299ABE4F00A294F5 /* Preview Assets.xcassets */ = {isa = PBXFileReference; lastKnownFileType = folder.assetcatalog; path = "Preview Assets.xcassets"; sourceTree = "<group>"; };
		FCA63E1A299AC04D00A294F5 /* SwiftUIAndCloudKit.entitlements */ = {isa = PBXFileReference; lastKnownFileType = text.plist.entitlements; path = SwiftUIAndCloudKit.entitlements; sourceTree = "<group>"; };
		FCA63E1F299B24FF00A294F5 /* SignInWithAppleButtonView.swift */ = {isa = PBXFileReference; lastKnownFileType = sourcecode.swift; path = SignInWithAppleButtonView.swift; sourceTree = "<group>"; };
		FCA63E21299BB5A600A294F5 /* ProfileView.swift */ = {isa = PBXFileReference; lastKnownFileType = sourcecode.swift; path = ProfileView.swift; sourceTree = "<group>"; };
		FCA63E23299BC0D100A294F5 /* ListView.swift */ = {isa = PBXFileReference; lastKnownFileType = sourcecode.swift; path = ListView.swift; sourceTree = "<group>"; };
		FCA63E25299BCAEA00A294F5 /* CloudKitQuerys.swift */ = {isa = PBXFileReference; lastKnownFileType = sourcecode.swift; path = CloudKitQuerys.swift; sourceTree = "<group>"; };
		FCA63E27299BD40400A294F5 /* UserModel.swift */ = {isa = PBXFileReference; lastKnownFileType = sourcecode.swift; path = UserModel.swift; sourceTree = "<group>"; };
/* End PBXFileReference section */

/* Begin PBXFrameworksBuildPhase section */
		FCA63E06299ABE4D00A294F5 /* Frameworks */ = {
			isa = PBXFrameworksBuildPhase;
			buildActionMask = 2147483647;
			files = (
			);
			runOnlyForDeploymentPostprocessing = 0;
		};
/* End PBXFrameworksBuildPhase section */

/* Begin PBXGroup section */
		FCA63E00299ABE4D00A294F5 = {
			isa = PBXGroup;
			children = (
				FCA63E0B299ABE4D00A294F5 /* SwiftUIAndCloudKit */,
				FCA63E0A299ABE4D00A294F5 /* Products */,
			);
			sourceTree = "<group>";
		};
		FCA63E0A299ABE4D00A294F5 /* Products */ = {
			isa = PBXGroup;
			children = (
				FCA63E09299ABE4D00A294F5 /* SwiftUIAndCloudKit.app */,
			);
			name = Products;
			sourceTree = "<group>";
		};
		FCA63E0B299ABE4D00A294F5 /* SwiftUIAndCloudKit */ = {
			isa = PBXGroup;
			children = (
				FCA63E1A299AC04D00A294F5 /* SwiftUIAndCloudKit.entitlements */,
				FCA63E0C299ABE4D00A294F5 /* SwiftUIAndCloudKitApp.swift */,
				FCA63E0E299ABE4D00A294F5 /* ContentView.swift */,
				FCA63E10299ABE4F00A294F5 /* Assets.xcassets */,
				FCA63E1F299B24FF00A294F5 /* SignInWithAppleButtonView.swift */,
				FCA63E21299BB5A600A294F5 /* ProfileView.swift */,
				FCA63E12299ABE4F00A294F5 /* Preview Content */,
				FCA63E23299BC0D100A294F5 /* ListView.swift */,
				FCA63E25299BCAEA00A294F5 /* CloudKitQuerys.swift */,
				FCA63E27299BD40400A294F5 /* UserModel.swift */,
			);
			path = SwiftUIAndCloudKit;
			sourceTree = "<group>";
		};
		FCA63E12299ABE4F00A294F5 /* Preview Content */ = {
			isa = PBXGroup;
			children = (
				FCA63E13299ABE4F00A294F5 /* Preview Assets.xcassets */,
			);
			path = "Preview Content";
			sourceTree = "<group>";
		};
/* End PBXGroup section */

/* Begin PBXNativeTarget section */
		FCA63E08299ABE4D00A294F5 /* SwiftUIAndCloudKit */ = {
			isa = PBXNativeTarget;
			buildConfigurationList = FCA63E17299ABE4F00A294F5 /* Build configuration list for PBXNativeTarget "SwiftUIAndCloudKit" */;
			buildPhases = (
				FCA63E05299ABE4D00A294F5 /* Sources */,
				FCA63E06299ABE4D00A294F5 /* Frameworks */,
				FCA63E07299ABE4D00A294F5 /* Resources */,
			);
			buildRules = (
			);
			dependencies = (
			);
			name = SwiftUIAndCloudKit;
			productName = SwiftUIAndCloudKit;
			productReference = FCA63E09299ABE4D00A294F5 /* SwiftUIAndCloudKit.app */;
			productType = "com.apple.product-type.application";
		};
/* End PBXNativeTarget section */

/* Begin PBXProject section */
		FCA63E01299ABE4D00A294F5 /* Project object */ = {
			isa = PBXProject;
			attributes = {
				BuildIndependentTargetsInParallel = 1;
				LastSwiftUpdateCheck = 1420;
				LastUpgradeCheck = 1420;
				TargetAttributes = {
					FCA63E08299ABE4D00A294F5 = {
						CreatedOnToolsVersion = 14.2;
					};
				};
			};
			buildConfigurationList = FCA63E04299ABE4D00A294F5 /* Build configuration list for PBXProject "SwiftUIAndCloudKit" */;
			compatibilityVersion = "Xcode 14.0";
			developmentRegion = en;
			hasScannedForEncodings = 0;
			knownRegions = (
				en,
				Base,
			);
			mainGroup = FCA63E00299ABE4D00A294F5;
			productRefGroup = FCA63E0A299ABE4D00A294F5 /* Products */;
			projectDirPath = "";
			projectRoot = "";
			targets = (
				FCA63E08299ABE4D00A294F5 /* SwiftUIAndCloudKit */,
			);
		};
/* End PBXProject section */

/* Begin PBXResourcesBuildPhase section */
		FCA63E07299ABE4D00A294F5 /* Resources */ = {
			isa = PBXResourcesBuildPhase;
			buildActionMask = 2147483647;
			files = (
				FCA63E14299ABE4F00A294F5 /* Preview Assets.xcassets in Resources */,
				FCA63E11299ABE4F00A294F5 /* Assets.xcassets in Resources */,
			);
			runOnlyForDeploymentPostprocessing = 0;
		};
/* End PBXResourcesBuildPhase section */

/* Begin PBXSourcesBuildPhase section */
		FCA63E05299ABE4D00A294F5 /* Sources */ = {
			isa = PBXSourcesBuildPhase;
			buildActionMask = 2147483647;
			files = (
				FCA63E20299B24FF00A294F5 /* SignInWithAppleButtonView.swift in Sources */,
				FCA63E28299BD40500A294F5 /* UserModel.swift in Sources */,
				FCA63E22299BB5A600A294F5 /* ProfileView.swift in Sources */,
				FCA63E24299BC0D100A294F5 /* ListView.swift in Sources */,
				FCA63E0F299ABE4D00A294F5 /* ContentView.swift in Sources */,
				FCA63E26299BCAEA00A294F5 /* CloudKitQuerys.swift in Sources */,
				FCA63E0D299ABE4D00A294F5 /* SwiftUIAndCloudKitApp.swift in Sources */,
			);
			runOnlyForDeploymentPostprocessing = 0;
		};
/* End PBXSourcesBuildPhase section */

/* Begin XCBuildConfiguration section */
		FCA63E15299ABE4F00A294F5 /* Debug */ = {
			isa = XCBuildConfiguration;
			buildSettings = {
				ALWAYS_SEARCH_USER_PATHS = NO;
				CLANG_ANALYZER_NONNULL = YES;
				CLANG_ANALYZER_NUMBER_OBJECT_CONVERSION = YES_AGGRESSIVE;
				CLANG_CXX_LANGUAGE_STANDARD = "gnu++20";
				CLANG_ENABLE_MODULES = YES;
				CLANG_ENABLE_OBJC_ARC = YES;
				CLANG_ENABLE_OBJC_WEAK = YES;
				CLANG_WARN_BLOCK_CAPTURE_AUTORELEASING = YES;
				CLANG_WARN_BOOL_CONVERSION = YES;
				CLANG_WARN_COMMA = YES;
				CLANG_WARN_CONSTANT_CONVERSION = YES;
				CLANG_WARN_DEPRECATED_OBJC_IMPLEMENTATIONS = YES;
				CLANG_WARN_DIRECT_OBJC_ISA_USAGE = YES_ERROR;
				CLANG_WARN_DOCUMENTATION_COMMENTS = YES;
				CLANG_WARN_EMPTY_BODY = YES;
				CLANG_WARN_ENUM_CONVERSION = YES;
				CLANG_WARN_INFINITE_RECURSION = YES;
				CLANG_WARN_INT_CONVERSION = YES;
				CLANG_WARN_NON_LITERAL_NULL_CONVERSION = YES;
				CLANG_WARN_OBJC_IMPLICIT_RETAIN_SELF = YES;
				CLANG_WARN_OBJC_LITERAL_CONVERSION = YES;
				CLANG_WARN_OBJC_ROOT_CLASS = YES_ERROR;
				CLANG_WARN_QUOTED_INCLUDE_IN_FRAMEWORK_HEADER = YES;
				CLANG_WARN_RANGE_LOOP_ANALYSIS = YES;
				CLANG_WARN_STRICT_PROTOTYPES = YES;
				CLANG_WARN_SUSPICIOUS_MOVE = YES;
				CLANG_WARN_UNGUARDED_AVAILABILITY = YES_AGGRESSIVE;
				CLANG_WARN_UNREACHABLE_CODE = YES;
				CLANG_WARN__DUPLICATE_METHOD_MATCH = YES;
				COPY_PHASE_STRIP = NO;
				DEBUG_INFORMATION_FORMAT = dwarf;
				ENABLE_STRICT_OBJC_MSGSEND = YES;
				ENABLE_TESTABILITY = YES;
				GCC_C_LANGUAGE_STANDARD = gnu11;
				GCC_DYNAMIC_NO_PIC = NO;
				GCC_NO_COMMON_BLOCKS = YES;
				GCC_OPTIMIZATION_LEVEL = 0;
				GCC_PREPROCESSOR_DEFINITIONS = (
					"DEBUG=1",
					"$(inherited)",
				);
				GCC_WARN_64_TO_32_BIT_CONVERSION = YES;
				GCC_WARN_ABOUT_RETURN_TYPE = YES_ERROR;
				GCC_WARN_UNDECLARED_SELECTOR = YES;
				GCC_WARN_UNINITIALIZED_AUTOS = YES_AGGRESSIVE;
				GCC_WARN_UNUSED_FUNCTION = YES;
				GCC_WARN_UNUSED_VARIABLE = YES;
				IPHONEOS_DEPLOYMENT_TARGET = 16.2;
				MTL_ENABLE_DEBUG_INFO = INCLUDE_SOURCE;
				MTL_FAST_MATH = YES;
				ONLY_ACTIVE_ARCH = YES;
				SDKROOT = iphoneos;
				SWIFT_ACTIVE_COMPILATION_CONDITIONS = DEBUG;
				SWIFT_OPTIMIZATION_LEVEL = "-Onone";
			};
			name = Debug;
		};
		FCA63E16299ABE4F00A294F5 /* Release */ = {
			isa = XCBuildConfiguration;
			buildSettings = {
				ALWAYS_SEARCH_USER_PATHS = NO;
				CLANG_ANALYZER_NONNULL = YES;
				CLANG_ANALYZER_NUMBER_OBJECT_CONVERSION = YES_AGGRESSIVE;
				CLANG_CXX_LANGUAGE_STANDARD = "gnu++20";
				CLANG_ENABLE_MODULES = YES;
				CLANG_ENABLE_OBJC_ARC = YES;
				CLANG_ENABLE_OBJC_WEAK = YES;
				CLANG_WARN_BLOCK_CAPTURE_AUTORELEASING = YES;
				CLANG_WARN_BOOL_CONVERSION = YES;
				CLANG_WARN_COMMA = YES;
				CLANG_WARN_CONSTANT_CONVERSION = YES;
				CLANG_WARN_DEPRECATED_OBJC_IMPLEMENTATIONS = YES;
				CLANG_WARN_DIRECT_OBJC_ISA_USAGE = YES_ERROR;
				CLANG_WARN_DOCUMENTATION_COMMENTS = YES;
				CLANG_WARN_EMPTY_BODY = YES;
				CLANG_WARN_ENUM_CONVERSION = YES;
				CLANG_WARN_INFINITE_RECURSION = YES;
				CLANG_WARN_INT_CONVERSION = YES;
				CLANG_WARN_NON_LITERAL_NULL_CONVERSION = YES;
				CLANG_WARN_OBJC_IMPLICIT_RETAIN_SELF = YES;
				CLANG_WARN_OBJC_LITERAL_CONVERSION = YES;
				CLANG_WARN_OBJC_ROOT_CLASS = YES_ERROR;
				CLANG_WARN_QUOTED_INCLUDE_IN_FRAMEWORK_HEADER = YES;
				CLANG_WARN_RANGE_LOOP_ANALYSIS = YES;
				CLANG_WARN_STRICT_PROTOTYPES = YES;
				CLANG_WARN_SUSPICIOUS_MOVE = YES;
				CLANG_WARN_UNGUARDED_AVAILABILITY = YES_AGGRESSIVE;
				CLANG_WARN_UNREACHABLE_CODE = YES;
				CLANG_WARN__DUPLICATE_METHOD_MATCH = YES;
				COPY_PHASE_STRIP = NO;
				DEBUG_INFORMATION_FORMAT = "dwarf-with-dsym";
				ENABLE_NS_ASSERTIONS = NO;
				ENABLE_STRICT_OBJC_MSGSEND = YES;
				GCC_C_LANGUAGE_STANDARD = gnu11;
				GCC_NO_COMMON_BLOCKS = YES;
				GCC_WARN_64_TO_32_BIT_CONVERSION = YES;
				GCC_WARN_ABOUT_RETURN_TYPE = YES_ERROR;
				GCC_WARN_UNDECLARED_SELECTOR = YES;
				GCC_WARN_UNINITIALIZED_AUTOS = YES_AGGRESSIVE;
				GCC_WARN_UNUSED_FUNCTION = YES;
				GCC_WARN_UNUSED_VARIABLE = YES;
				IPHONEOS_DEPLOYMENT_TARGET = 16.2;
				MTL_ENABLE_DEBUG_INFO = NO;
				MTL_FAST_MATH = YES;
				SDKROOT = iphoneos;
				SWIFT_COMPILATION_MODE = wholemodule;
				SWIFT_OPTIMIZATION_LEVEL = "-O";
				VALIDATE_PRODUCT = YES;
			};
			name = Release;
		};
		FCA63E18299ABE4F00A294F5 /* Debug */ = {
			isa = XCBuildConfiguration;
			buildSettings = {
				ASSETCATALOG_COMPILER_APPICON_NAME = AppIcon;
				ASSETCATALOG_COMPILER_GLOBAL_ACCENT_COLOR_NAME = AccentColor;
				CODE_SIGN_ENTITLEMENTS = SwiftUIAndCloudKit/SwiftUIAndCloudKit.entitlements;
				CODE_SIGN_STYLE = Automatic;
				CURRENT_PROJECT_VERSION = 1;
				DEVELOPMENT_ASSET_PATHS = "\"SwiftUIAndCloudKit/Preview Content\"";
				DEVELOPMENT_TEAM = 45XJ23SR49;
				ENABLE_PREVIEWS = YES;
				GENERATE_INFOPLIST_FILE = YES;
				INFOPLIST_KEY_UIApplicationSceneManifest_Generation = YES;
				INFOPLIST_KEY_UIApplicationSupportsIndirectInputEvents = YES;
				INFOPLIST_KEY_UILaunchScreen_Generation = YES;
				INFOPLIST_KEY_UISupportedInterfaceOrientations_iPad = "UIInterfaceOrientationPortrait UIInterfaceOrientationPortraitUpsideDown UIInterfaceOrientationLandscapeLeft UIInterfaceOrientationLandscapeRight";
				INFOPLIST_KEY_UISupportedInterfaceOrientations_iPhone = "UIInterfaceOrientationPortrait UIInterfaceOrientationLandscapeLeft UIInterfaceOrientationLandscapeRight";
				LD_RUNPATH_SEARCH_PATHS = (
					"$(inherited)",
					"@executable_path/Frameworks",
				);
				MARKETING_VERSION = 1.0;
				PRODUCT_BUNDLE_IDENTIFIER = com.viniciusfloresribeiro.SwiftUIAndCloudKit;
				PRODUCT_NAME = "$(TARGET_NAME)";
				SWIFT_EMIT_LOC_STRINGS = YES;
				SWIFT_VERSION = 5.0;
				TARGETED_DEVICE_FAMILY = "1,2";
			};
			name = Debug;
		};
		FCA63E19299ABE4F00A294F5 /* Release */ = {
			isa = XCBuildConfiguration;
			buildSettings = {
				ASSETCATALOG_COMPILER_APPICON_NAME = AppIcon;
				ASSETCATALOG_COMPILER_GLOBAL_ACCENT_COLOR_NAME = AccentColor;
				CODE_SIGN_ENTITLEMENTS = SwiftUIAndCloudKit/SwiftUIAndCloudKit.entitlements;
				CODE_SIGN_STYLE = Automatic;
				CURRENT_PROJECT_VERSION = 1;
				DEVELOPMENT_ASSET_PATHS = "\"SwiftUIAndCloudKit/Preview Content\"";
				DEVELOPMENT_TEAM = 45XJ23SR49;
				ENABLE_PREVIEWS = YES;
				GENERATE_INFOPLIST_FILE = YES;
				INFOPLIST_KEY_UIApplicationSceneManifest_Generation = YES;
				INFOPLIST_KEY_UIApplicationSupportsIndirectInputEvents = YES;
				INFOPLIST_KEY_UILaunchScreen_Generation = YES;
				INFOPLIST_KEY_UISupportedInterfaceOrientations_iPad = "UIInterfaceOrientationPortrait UIInterfaceOrientationPortraitUpsideDown UIInterfaceOrientationLandscapeLeft UIInterfaceOrientationLandscapeRight";
				INFOPLIST_KEY_UISupportedInterfaceOrientations_iPhone = "UIInterfaceOrientationPortrait UIInterfaceOrientationLandscapeLeft UIInterfaceOrientationLandscapeRight";
				LD_RUNPATH_SEARCH_PATHS = (
					"$(inherited)",
					"@executable_path/Frameworks",
				);
				MARKETING_VERSION = 1.0;
				PRODUCT_BUNDLE_IDENTIFIER = com.viniciusfloresribeiro.SwiftUIAndCloudKit;
				PRODUCT_NAME = "$(TARGET_NAME)";
				SWIFT_EMIT_LOC_STRINGS = YES;
				SWIFT_VERSION = 5.0;
				TARGETED_DEVICE_FAMILY = "1,2";
			};
			name = Release;
		};
/* End XCBuildConfiguration section */

/* Begin XCConfigurationList section */
		FCA63E04299ABE4D00A294F5 /* Build configuration list for PBXProject "SwiftUIAndCloudKit" */ = {
			isa = XCConfigurationList;
			buildConfigurations = (
				FCA63E15299ABE4F00A294F5 /* Debug */,
				FCA63E16299ABE4F00A294F5 /* Release */,
			);
			defaultConfigurationIsVisible = 0;
			defaultConfigurationName = Release;
		};
		FCA63E17299ABE4F00A294F5 /* Build configuration list for PBXNativeTarget "SwiftUIAndCloudKit" */ = {
			isa = XCConfigurationList;
			buildConfigurations = (
				FCA63E18299ABE4F00A294F5 /* Debug */,
				FCA63E19299ABE4F00A294F5 /* Release */,
			);
			defaultConfigurationIsVisible = 0;
			defaultConfigurationName = Release;
		};
/* End XCConfigurationList section */
	};
	rootObject = FCA63E01299ABE4D00A294F5 /* Project object */;
}
